{
  "nodes": {
    "disko": {
      "inputs": {
        "nixpkgs": "nixpkgs"
      },
      "locked": {
        "lastModified": 1672526278,
        "narHash": "sha256-QpebSMK5vrA5tE4xT0WpcP84MRETydL6NCotIXPVvGw=",
        "owner": "nix-community",
        "repo": "disko",
        "rev": "981160e9cfb73a9fc9f7eddfe193953fc784cdfb",
        "type": "github"
      },
      "original": {
        "owner": "nix-community",
        "repo": "disko",
        "type": "github"
      }
    },
    "nixpkgs": {
      "locked": {
        "lastModified": 1671788672,
        "narHash": "sha256-tLkPxJuos3jki2f/TZdHn+NuMQAzN9s2E4QudylQLg0=",
        "owner": "NixOS",
        "repo": "nixpkgs",
        "rev": "2c74fcd6c5fc14a61de158fb796243543f46b217",
        "type": "github"
      },
      "original": {
        "owner": "NixOS",
        "ref": "nixpkgs-unstable",
        "repo": "nixpkgs",
        "type": "github"
      }
    },
    "nixpkgs_2": {
      "locked": {
        "lastModified": 1672745166,
        "narHash": "sha256-1Ft2+ouLGlP6v0oE4TQEn1ojyfVJ/X0YTB4diVaWPOs=",
        "owner": "NixOS",
        "repo": "nixpkgs",
        "rev": "ba1e6e5f8c12193e1ebbe9aa84e993b8f2de3bd3",
        "type": "github"
      },
      "original": {
        "owner": "NixOS",
        "repo": "nixpkgs",
        "type": "github"
      }
    },
    "root": {
      "inputs": {
        "disko": "disko",
        "nixpkgs": "nixpkgs_2"
      }
    }
  },
  "root": "root",
  "version": 7
}
